# This file is autogenerated, do not edit; changes may be undone by the next 'dep ensure'.


[[projects]]
  digest = "1:705c40022f5c03bf96ffeb6477858d88565064485a513abcd0f11a0911546cb6"
  name = "github.com/blang/semver"
  packages = ["."]
  pruneopts = "UT"
  revision = "2ee87856327ba09384cabd113bc6b5d174e9ec0f"
  version = "v3.5.1"

[[projects]]
  digest = "1:ffe9824d294da03b391f44e1ae8281281b4afc1bdaa9588c9097785e3af10cec"
  name = "github.com/davecgh/go-spew"
  packages = ["spew"]
  pruneopts = "UT"
  revision = "8991bc29aa16c548c550c7ff78260e27b9ab7c73"
  version = "v1.1.1"

[[projects]]
  branch = "master"
  digest = "1:fec88e30e88bd6e12e5d3f052b5313843670534a15708119b9e79ae8f8141e59"
  name = "github.com/facebookgo/httpcontrol"
  packages = ["."]
  pruneopts = "UT"
  revision = "ccde4420e1fee9af5da365cb76075b95683f39a6"

[[projects]]
  digest = "1:9c7c893401418efb15ee4b037cf37947e68db61288219204624d5174efad6930"
  name = "github.com/garyburd/redigo"
  packages = [
    "internal",
    "redis",
  ]
  pruneopts = "UT"
  revision = "836b6e58b3358112c8291565d01c35b8764070d7"

[[projects]]
  digest = "1:ed3f14b098e67c8c3454b58e2d868f43e375a5855bec1d96e57955e1bb398c64"
  name = "github.com/gregjones/httpcache"
  packages = ["."]
  pruneopts = "UT"
  revision = "d02018f006d98f58512bf3adfc171d88d17626df"

[[projects]]
  digest = "1:73eb0b71f18af79b94502907ef643a8c5593d7bcbc07cddf6fa84b26a1875442"
  name = "github.com/launchdarkly/eventsource"
  packages = ["."]
  pruneopts = "UT"
  revision = "a45c212c667804d2687d2780839b04e288e2160d"

[[projects]]
  digest = "1:fc61a390fb0ad4b97e31cd1040b91ed02f7ed175f55285efa7a4d10ae208282b"
  name = "github.com/patrickmn/go-cache"
  packages = ["."]
  pruneopts = "UT"
  revision = "1881a9bccb818787f68c52bfba648c6cf34c34fa"
  version = "v2.0.0"

[[projects]]
  digest = "1:a47405ff6f04c2bce162d5abe10ebef9f0e523612658e53b964b5c12506c5aa9"
  name = "gopkg.in/launchdarkly/go-client.v2"
  packages = ["."]
  pruneopts = "UT"
  revision = "7735fbf02c49a17acbe0cb891ca8f60d9344c922"
  version = "2.3.0"

[solve-meta]
  analyzer-name = "dep"
  analyzer-version = 1
  input-imports = [
    "github.com/davecgh/go-spew/spew",
    "gopkg.in/launchdarkly/go-client.v2",
  ]
  solver-name = "gps-cdcl"
  solver-version = 1
